
Microsoft Visual Studio Solution File, Format Version 12.00
# Visual Studio Version 17
VisualStudioVersion = 17.10.35013.160
MinimumVisualStudioVersion = 10.0.40219.1
Project("{FAE04EC0-301F-11D3-BF4B-00C04F79EFBC}") = "myapplication", "myapplication.csproj", "{4EC9D3A4-5494-47B1-ABFF-3FEB5E4D2BC6}"
EndProject
Global
	GlobalSection(SolutionConfigurationPlatforms) = preSolution
		Debug|Any CPU = Debug|Any CPU
		Release|Any CPU = Release|Any CPU
	EndGlobalSection
	GlobalSection(ProjectConfigurationPlatforms) = postSolution
		{4EC9D3A4-5494-47B1-ABFF-3FEB5E4D2BC6}.Debug|Any CPU.ActiveCfg = Debug|Any CPU
		{4EC9D3A4-5494-47B1-ABFF-3FEB5E4D2BC6}.Debug|Any CPU.Build.0 = Debug|Any CPU
		{4EC9D3A4-5494-47B1-ABFF-3FEB5E4D2BC6}.Release|Any CPU.ActiveCfg = Release|Any CPU
		{4EC9D3A4-5494-47B1-ABFF-3FEB5E4D2BC6}.Release|Any CPU.Build.0 = Release|Any CPU
	EndGlobalSection
	GlobalSection(SolutionProperties) = preSolution
		HideSolutionNode = FALSE
	EndGlobalSection
	GlobalSection(ExtensibilityGlobals) = postSolution
		SolutionGuid = {7C8D812E-2EB4-47A5-BD3D-6B6C78421A5C}
	EndGlobalSection
EndGlobal
